
Microsoft Visual Studio Solution File, Format Version 12.00
# Visual Studio Version 16
VisualStudioVersion = 16.0.30320.27
MinimumVisualStudioVersion = 10.0.40219.1
Project("{9A19103F-16F7-4668-BE54-9A1E7A4F7556}") = "Countries.Web", "Countries.Web\Countries.Web.csproj", "{9A6D3125-04BD-4848-883B-77E9B13730E0}"
EndProject
Project("{9A19103F-16F7-4668-BE54-9A1E7A4F7556}") = "Countries.Database", "Countries.Database\Countries.Database.csproj", "{BDB06663-5A72-4918-B32B-F980CCC509FE}"
EndProject
Project("{9A19103F-16F7-4668-BE54-9A1E7A4F7556}") = "Countries.Domain", "Countries.Domain\Countries.Domain.csproj", "{959169A2-15DB-48BE-A16B-EB2CB99F1670}"
EndProject
Global
	GlobalSection(SolutionConfigurationPlatforms) = preSolution
		Debug|Any CPU = Debug|Any CPU
		Release|Any CPU = Release|Any CPU
	EndGlobalSection
	GlobalSection(ProjectConfigurationPlatforms) = postSolution
		{9A6D3125-04BD-4848-883B-77E9B13730E0}.Debug|Any CPU.ActiveCfg = Debug|Any CPU
		{9A6D3125-04BD-4848-883B-77E9B13730E0}.Debug|Any CPU.Build.0 = Debug|Any CPU
		{9A6D3125-04BD-4848-883B-77E9B13730E0}.Release|Any CPU.ActiveCfg = Release|Any CPU
		{9A6D3125-04BD-4848-883B-77E9B13730E0}.Release|Any CPU.Build.0 = Release|Any CPU
		{BDB06663-5A72-4918-B32B-F980CCC509FE}.Debug|Any CPU.ActiveCfg = Debug|Any CPU
		{BDB06663-5A72-4918-B32B-F980CCC509FE}.Debug|Any CPU.Build.0 = Debug|Any CPU
		{BDB06663-5A72-4918-B32B-F980CCC509FE}.Release|Any CPU.ActiveCfg = Release|Any CPU
		{BDB06663-5A72-4918-B32B-F980CCC509FE}.Release|Any CPU.Build.0 = Release|Any CPU
		{959169A2-15DB-48BE-A16B-EB2CB99F1670}.Debug|Any CPU.ActiveCfg = Debug|Any CPU
		{959169A2-15DB-48BE-A16B-EB2CB99F1670}.Debug|Any CPU.Build.0 = Debug|Any CPU
		{959169A2-15DB-48BE-A16B-EB2CB99F1670}.Release|Any CPU.ActiveCfg = Release|Any CPU
		{959169A2-15DB-48BE-A16B-EB2CB99F1670}.Release|Any CPU.Build.0 = Release|Any CPU
	EndGlobalSection
	GlobalSection(SolutionProperties) = preSolution
		HideSolutionNode = FALSE
	EndGlobalSection
	GlobalSection(ExtensibilityGlobals) = postSolution
		SolutionGuid = {9896DF71-13A8-4FD2-BC44-B86DEC0F21FD}
	EndGlobalSection
EndGlobal
